{
  "name": "factory",
  "lockfileVersion": 3,
  "requires": true,
  "packages": {
    "": {
      "dependencies": {
        "flow-agent-bridge": "^0.29.0"
      }
    },
    "node_modules/flow-agent-bridge": {
      "version": "0.29.0",
      "resolved": "https://registry.npmjs.org/flow-agent-bridge/-/flow-agent-bridge-0.29.0.tgz",
      "integrity": "sha512-tLf6HrRgdHA/u6v7I9t6+dGca+0N/uTJXQf4vacZa9iov1uPuMlDpjYFR/utIwbRQW+V6DTT12NPEBTIyGkkcQ==",
      "license": "MIT",
      "dependencies": {
        "ws": "^8.18.0"
      },
      "bin": {
        "flow-agent-bridge": "dist/index.js"
      },
      "engines": {
        "node": ">=20"
      }
    },
    "node_modules/ws": {
      "version": "8.21.3",
      "resolved": "https://registry.npmjs.org/ws/-/ws-8.21.3.tgz",
      "integrity": "sha512-201TZ/kPWxoPr/OKWjquZR1SWKXcvxdH+e1xrx89b3YbmzLMFCLfnaG1HFIgWzJOEWZ7MvpK++odZufgYR50Rw==",
      "license": "MIT",
      "engines": {
        "node": ">=10.0.0"
      },
      "peerDependencies": {
        "bufferutil": "^4.0.1",
        "utf-8-validate": ">=5.0.2"
      },
      "peerDependenciesMeta": {
        "bufferutil": {
          "optional": true
        },
        "utf-8-validate": {
          "optional": true
        }
      }
    }
  }
}
